
Microsoft Visual Studio Solution File, Format Version 12.00
# Visual Studio Version 16
VisualStudioVersion = 16.0.31321.278
MinimumVisualStudioVersion = 10.0.40219.1
Project("{2150E333-8FDC-42A3-9474-1A3956D46DE8}") = "ApiServices", "ApiServices", "{77A9470F-7D83-4BDB-A99E-71006FB41354}"
EndProject
Project("{2150E333-8FDC-42A3-9474-1A3956D46DE8}") = "Catalog", "Catalog", "{078235F1-500C-4789-AAA5-27236BFBB760}"
EndProject
Project("{9A19103F-16F7-4668-BE54-9A1E7A4F7556}") = "CatalogApi", "ApiServices\Catalog\CatalogApi\CatalogApi.csproj", "{50536EEC-EBA4-4C9C-95A9-1AAEFA3D075A}"
EndProject
Project("{E53339B2-1760-4266-BCC7-CA923CBCF16C}") = "docker-compose", "docker-compose.dcproj", "{837CF653-CD75-484D-9785-5B30E026C331}"
EndProject
Project("{2150E333-8FDC-42A3-9474-1A3956D46DE8}") = "Basket", "Basket", "{8BB3B0C0-B73C-41CD-9D1E-1EE05C727D98}"
EndProject
Project("{9A19103F-16F7-4668-BE54-9A1E7A4F7556}") = "BasketApi", "ApiServices\Basket\BasketApi\BasketApi.csproj", "{E565C3D8-2311-4E7D-9AA9-741FC6D2D92C}"
EndProject
Project("{2150E333-8FDC-42A3-9474-1A3956D46DE8}") = "Discount", "Discount", "{B0F62A2C-1363-4F17-B190-3B67E970ED73}"
EndProject
Project("{FAE04EC0-301F-11D3-BF4B-00C04F79EFBC}") = "DiscountApi", "ApiServices\Discount\DiscountApi\DiscountApi.csproj", "{4E47B484-B980-4623-89BD-2431DBC4C36E}"
EndProject
Global
	GlobalSection(SolutionConfigurationPlatforms) = preSolution
		Debug|Any CPU = Debug|Any CPU
		Release|Any CPU = Release|Any CPU
	EndGlobalSection
	GlobalSection(ProjectConfigurationPlatforms) = postSolution
		{50536EEC-EBA4-4C9C-95A9-1AAEFA3D075A}.Debug|Any CPU.ActiveCfg = Debug|Any CPU
		{50536EEC-EBA4-4C9C-95A9-1AAEFA3D075A}.Debug|Any CPU.Build.0 = Debug|Any CPU
		{50536EEC-EBA4-4C9C-95A9-1AAEFA3D075A}.Release|Any CPU.ActiveCfg = Release|Any CPU
		{50536EEC-EBA4-4C9C-95A9-1AAEFA3D075A}.Release|Any CPU.Build.0 = Release|Any CPU
		{837CF653-CD75-484D-9785-5B30E026C331}.Debug|Any CPU.ActiveCfg = Debug|Any CPU
		{837CF653-CD75-484D-9785-5B30E026C331}.Debug|Any CPU.Build.0 = Debug|Any CPU
		{837CF653-CD75-484D-9785-5B30E026C331}.Release|Any CPU.ActiveCfg = Release|Any CPU
		{837CF653-CD75-484D-9785-5B30E026C331}.Release|Any CPU.Build.0 = Release|Any CPU
		{E565C3D8-2311-4E7D-9AA9-741FC6D2D92C}.Debug|Any CPU.ActiveCfg = Debug|Any CPU
		{E565C3D8-2311-4E7D-9AA9-741FC6D2D92C}.Debug|Any CPU.Build.0 = Debug|Any CPU
		{E565C3D8-2311-4E7D-9AA9-741FC6D2D92C}.Release|Any CPU.ActiveCfg = Release|Any CPU
		{E565C3D8-2311-4E7D-9AA9-741FC6D2D92C}.Release|Any CPU.Build.0 = Release|Any CPU
		{4E47B484-B980-4623-89BD-2431DBC4C36E}.Debug|Any CPU.ActiveCfg = Debug|Any CPU
		{4E47B484-B980-4623-89BD-2431DBC4C36E}.Debug|Any CPU.Build.0 = Debug|Any CPU
		{4E47B484-B980-4623-89BD-2431DBC4C36E}.Release|Any CPU.ActiveCfg = Release|Any CPU
		{4E47B484-B980-4623-89BD-2431DBC4C36E}.Release|Any CPU.Build.0 = Release|Any CPU
	EndGlobalSection
	GlobalSection(SolutionProperties) = preSolution
		HideSolutionNode = FALSE
	EndGlobalSection
	GlobalSection(NestedProjects) = preSolution
		{078235F1-500C-4789-AAA5-27236BFBB760} = {77A9470F-7D83-4BDB-A99E-71006FB41354}
		{50536EEC-EBA4-4C9C-95A9-1AAEFA3D075A} = {078235F1-500C-4789-AAA5-27236BFBB760}
		{8BB3B0C0-B73C-41CD-9D1E-1EE05C727D98} = {77A9470F-7D83-4BDB-A99E-71006FB41354}
		{E565C3D8-2311-4E7D-9AA9-741FC6D2D92C} = {8BB3B0C0-B73C-41CD-9D1E-1EE05C727D98}
		{B0F62A2C-1363-4F17-B190-3B67E970ED73} = {77A9470F-7D83-4BDB-A99E-71006FB41354}
		{4E47B484-B980-4623-89BD-2431DBC4C36E} = {B0F62A2C-1363-4F17-B190-3B67E970ED73}
	EndGlobalSection
	GlobalSection(ExtensibilityGlobals) = postSolution
		SolutionGuid = {9A55B1D2-8BD0-4642-9102-0CAB0A548E66}
	EndGlobalSection
EndGlobal
